
Microsoft Visual Studio Solution File, Format Version 12.00
# Visual Studio Version 16
VisualStudioVersion = 16.0.29613.14
MinimumVisualStudioVersion = 15.0.26124.0
Project("{2150E333-8FDC-42A3-9474-1A3956D46DE8}") = "src", "src", "{2B989BA3-0B94-4D82-9730-2D4295F7BB27}"
EndProject
Project("{2150E333-8FDC-42A3-9474-1A3956D46DE8}") = "test", "test", "{4060B95E-DC78-4D4A-8DC5-9DB5C25AB5A2}"
EndProject
Project("{9A19103F-16F7-4668-BE54-9A1E7A4F7556}") = "Spool", "src\Spool\Spool.csproj", "{5B4FF34C-775C-4648-8C74-4A44982DF183}"
EndProject
Project("{9A19103F-16F7-4668-BE54-9A1E7A4F7556}") = "Spool.Tests", "test\Spool.Tests\Spool.Tests.csproj", "{363B62D9-281E-446A-9635-C8DC69787B42}"
EndProject
Project("{2150E333-8FDC-42A3-9474-1A3956D46DE8}") = "samples", "samples", "{35BF42A1-B927-432D-AB47-844B383D9D03}"
EndProject
Project("{2150E333-8FDC-42A3-9474-1A3956D46DE8}") = "build", "build", "{BA4EB35D-65A6-47A2-9C2E-703CD670DAE6}"
	ProjectSection(SolutionItems) = preProject
		build\common.props = build\common.props
		build\credentials.cake = build\credentials.cake
		build\packages.cake = build\packages.cake
		build\parameters.cake = build\parameters.cake
		build\paths.cake = build\paths.cake
		build\util.cake = build\util.cake
		build\version.cake = build\version.cake
		build\version.props = build\version.props
	EndProjectSection
EndProject
Project("{9A19103F-16F7-4668-BE54-9A1E7A4F7556}") = "Spool.Sample", "samples\Spool.Sample\Spool.Sample.csproj", "{06D3FDA6-9F4A-4A25-BA32-692B7F5D0FD3}"
EndProject
Global
	GlobalSection(SolutionConfigurationPlatforms) = preSolution
		Debug|Any CPU = Debug|Any CPU
		Debug|x64 = Debug|x64
		Debug|x86 = Debug|x86
		Release|Any CPU = Release|Any CPU
		Release|x64 = Release|x64
		Release|x86 = Release|x86
	EndGlobalSection
	GlobalSection(ProjectConfigurationPlatforms) = postSolution
		{5B4FF34C-775C-4648-8C74-4A44982DF183}.Debug|Any CPU.ActiveCfg = Debug|Any CPU
		{5B4FF34C-775C-4648-8C74-4A44982DF183}.Debug|Any CPU.Build.0 = Debug|Any CPU
		{5B4FF34C-775C-4648-8C74-4A44982DF183}.Debug|x64.ActiveCfg = Debug|Any CPU
		{5B4FF34C-775C-4648-8C74-4A44982DF183}.Debug|x64.Build.0 = Debug|Any CPU
		{5B4FF34C-775C-4648-8C74-4A44982DF183}.Debug|x86.ActiveCfg = Debug|Any CPU
		{5B4FF34C-775C-4648-8C74-4A44982DF183}.Debug|x86.Build.0 = Debug|Any CPU
		{5B4FF34C-775C-4648-8C74-4A44982DF183}.Release|Any CPU.ActiveCfg = Release|Any CPU
		{5B4FF34C-775C-4648-8C74-4A44982DF183}.Release|Any CPU.Build.0 = Release|Any CPU
		{5B4FF34C-775C-4648-8C74-4A44982DF183}.Release|x64.ActiveCfg = Release|Any CPU
		{5B4FF34C-775C-4648-8C74-4A44982DF183}.Release|x64.Build.0 = Release|Any CPU
		{5B4FF34C-775C-4648-8C74-4A44982DF183}.Release|x86.ActiveCfg = Release|Any CPU
		{5B4FF34C-775C-4648-8C74-4A44982DF183}.Release|x86.Build.0 = Release|Any CPU
		{363B62D9-281E-446A-9635-C8DC69787B42}.Debug|Any CPU.ActiveCfg = Debug|Any CPU
		{363B62D9-281E-446A-9635-C8DC69787B42}.Debug|Any CPU.Build.0 = Debug|Any CPU
		{363B62D9-281E-446A-9635-C8DC69787B42}.Debug|x64.ActiveCfg = Debug|Any CPU
		{363B62D9-281E-446A-9635-C8DC69787B42}.Debug|x64.Build.0 = Debug|Any CPU
		{363B62D9-281E-446A-9635-C8DC69787B42}.Debug|x86.ActiveCfg = Debug|Any CPU
		{363B62D9-281E-446A-9635-C8DC69787B42}.Debug|x86.Build.0 = Debug|Any CPU
		{363B62D9-281E-446A-9635-C8DC69787B42}.Release|Any CPU.ActiveCfg = Release|Any CPU
		{363B62D9-281E-446A-9635-C8DC69787B42}.Release|Any CPU.Build.0 = Release|Any CPU
		{363B62D9-281E-446A-9635-C8DC69787B42}.Release|x64.ActiveCfg = Release|Any CPU
		{363B62D9-281E-446A-9635-C8DC69787B42}.Release|x64.Build.0 = Release|Any CPU
		{363B62D9-281E-446A-9635-C8DC69787B42}.Release|x86.ActiveCfg = Release|Any CPU
		{363B62D9-281E-446A-9635-C8DC69787B42}.Release|x86.Build.0 = Release|Any CPU
		{06D3FDA6-9F4A-4A25-BA32-692B7F5D0FD3}.Debug|Any CPU.ActiveCfg = Debug|Any CPU
		{06D3FDA6-9F4A-4A25-BA32-692B7F5D0FD3}.Debug|Any CPU.Build.0 = Debug|Any CPU
		{06D3FDA6-9F4A-4A25-BA32-692B7F5D0FD3}.Debug|x64.ActiveCfg = Debug|Any CPU
		{06D3FDA6-9F4A-4A25-BA32-692B7F5D0FD3}.Debug|x64.Build.0 = Debug|Any CPU
		{06D3FDA6-9F4A-4A25-BA32-692B7F5D0FD3}.Debug|x86.ActiveCfg = Debug|Any CPU
		{06D3FDA6-9F4A-4A25-BA32-692B7F5D0FD3}.Debug|x86.Build.0 = Debug|Any CPU
		{06D3FDA6-9F4A-4A25-BA32-692B7F5D0FD3}.Release|Any CPU.ActiveCfg = Release|Any CPU
		{06D3FDA6-9F4A-4A25-BA32-692B7F5D0FD3}.Release|Any CPU.Build.0 = Release|Any CPU
		{06D3FDA6-9F4A-4A25-BA32-692B7F5D0FD3}.Release|x64.ActiveCfg = Release|Any CPU
		{06D3FDA6-9F4A-4A25-BA32-692B7F5D0FD3}.Release|x64.Build.0 = Release|Any CPU
		{06D3FDA6-9F4A-4A25-BA32-692B7F5D0FD3}.Release|x86.ActiveCfg = Release|Any CPU
		{06D3FDA6-9F4A-4A25-BA32-692B7F5D0FD3}.Release|x86.Build.0 = Release|Any CPU
	EndGlobalSection
	GlobalSection(SolutionProperties) = preSolution
		HideSolutionNode = FALSE
	EndGlobalSection
	GlobalSection(NestedProjects) = preSolution
		{5B4FF34C-775C-4648-8C74-4A44982DF183} = {2B989BA3-0B94-4D82-9730-2D4295F7BB27}
		{363B62D9-281E-446A-9635-C8DC69787B42} = {4060B95E-DC78-4D4A-8DC5-9DB5C25AB5A2}
		{06D3FDA6-9F4A-4A25-BA32-692B7F5D0FD3} = {35BF42A1-B927-432D-AB47-844B383D9D03}
	EndGlobalSection
	GlobalSection(ExtensibilityGlobals) = postSolution
		SolutionGuid = {FED65E38-F67D-4FC6-92B7-2E4F9EAC4DC1}
	EndGlobalSection
EndGlobal
